// !$*UTF8*$!
{
	archiveVersion = 1;
	classes = {
	};
	objectVersion = 46;
	objects = {

/* Begin PBXBuildFile section */
		3FE21EF7193E27EE00D51064 /* AppDelegate.swift in Sources */ = {isa = PBXBuildFile; fileRef = 3FE21EF6193E27EE00D51064 /* AppDelegate.swift */; };
		3FE21EFA193E27EE00D51064 /* SwiftTableView.xcdatamodeld in Sources */ = {isa = PBXBuildFile; fileRef = 3FE21EF8193E27EE00D51064 /* SwiftTableView.xcdatamodeld */; };
		3FE21EFC193E27EE00D51064 /* ViewController.swift in Sources */ = {isa = PBXBuildFile; fileRef = 3FE21EFB193E27EE00D51064 /* ViewController.swift */; };
		3FE21EFF193E27EE00D51064 /* Main.storyboard in Resources */ = {isa = PBXBuildFile; fileRef = 3FE21EFD193E27EE00D51064 /* Main.storyboard */; };
		3FE21F01193E27EF00D51064 /* Images.xcassets in Resources */ = {isa = PBXBuildFile; fileRef = 3FE21F00193E27EF00D51064 /* Images.xcassets */; };
		3FE21F0D193E27EF00D51064 /* SwiftTableViewTests.swift in Sources */ = {isa = PBXBuildFile; fileRef = 3FE21F0C193E27EF00D51064 /* SwiftTableViewTests.swift */; };
		3FE21F17193E2EE800D51064 /* DetailViewController.swift in Sources */ = {isa = PBXBuildFile; fileRef = 3FE21F16193E2EE800D51064 /* DetailViewController.swift */; };
/* End PBXBuildFile section */

/* Begin PBXContainerItemProxy section */
		3FE21F07193E27EF00D51064 /* PBXContainerItemProxy */ = {
			isa = PBXContainerItemProxy;
			containerPortal = 3FE21EE9193E27EE00D51064 /* Project object */;
			proxyType = 1;
			remoteGlobalIDString = 3FE21EF0193E27EE00D51064;
			remoteInfo = SwiftTableView;
		};
/* End PBXContainerItemProxy section */

/* Begin PBXFileReference section */
		3FE21EF1193E27EE00D51064 /* SwiftTableView.app */ = {isa = PBXFileReference; explicitFileType = wrapper.application; includeInIndex = 0; path = SwiftTableView.app; sourceTree = BUILT_PRODUCTS_DIR; };
		3FE21EF5193E27EE00D51064 /* Info.plist */ = {isa = PBXFileReference; lastKnownFileType = text.plist.xml; path = Info.plist; sourceTree = "<group>"; };
		3FE21EF6193E27EE00D51064 /* AppDelegate.swift */ = {isa = PBXFileReference; lastKnownFileType = sourcecode.swift; path = AppDelegate.swift; sourceTree = "<group>"; };
		3FE21EF9193E27EE00D51064 /* SwiftTableView.xcdatamodel */ = {isa = PBXFileReference; lastKnownFileType = wrapper.xcdatamodel; path = SwiftTableView.xcdatamodel; sourceTree = "<group>"; };
		3FE21EFB193E27EE00D51064 /* ViewController.swift */ = {isa = PBXFileReference; lastKnownFileType = sourcecode.swift; path = ViewController.swift; sourceTree = "<group>"; };
		3FE21EFE193E27EE00D51064 /* Base */ = {isa = PBXFileReference; lastKnownFileType = file.storyboard; name = Base; path = Base.lproj/Main.storyboard; sourceTree = "<group>"; };
		3FE21F00193E27EF00D51064 /* Images.xcassets */ = {isa = PBXFileReference; lastKnownFileType = folder.assetcatalog; path = Images.xcassets; sourceTree = "<group>"; };
		3FE21F06193E27EF00D51064 /* SwiftTableViewTests.xctest */ = {isa = PBXFileReference; explicitFileType = wrapper.cfbundle; includeInIndex = 0; path = SwiftTableViewTests.xctest; sourceTree = BUILT_PRODUCTS_DIR; };
		3FE21F0B193E27EF00D51064 /* Info.plist */ = {isa = PBXFileReference; lastKnownFileType = text.plist.xml; path = Info.plist; sourceTree = "<group>"; };
		3FE21F0C193E27EF00D51064 /* SwiftTableViewTests.swift */ = {isa = PBXFileReference; lastKnownFileType = sourcecode.swift; path = SwiftTableViewTests.swift; sourceTree = "<group>"; };
		3FE21F16193E2EE800D51064 /* DetailViewController.swift */ = {isa = PBXFileReference; fileEncoding = 4; lastKnownFileType = sourcecode.swift; path = DetailViewController.swift; sourceTree = "<group>"; };
/* End PBXFileReference section */

/* Begin PBXFrameworksBuildPhase section */
		3FE21EEE193E27EE00D51064 /* Frameworks */ = {
			isa = PBXFrameworksBuildPhase;
			buildActionMask = 2147483647;
			files = (
			);
			runOnlyForDeploymentPostprocessing = 0;
		};
		3FE21F03193E27EF00D51064 /* Frameworks */ = {
			isa = PBXFrameworksBuildPhase;
			buildActionMask = 2147483647;
			files = (
			);
			runOnlyForDeploymentPostprocessing = 0;
		};
/* End PBXFrameworksBuildPhase section */

/* Begin PBXGroup section */
		3FE21EE8193E27EE00D51064 = {
			isa = PBXGroup;
			children = (
				3FE21EF3193E27EE00D51064 /* SwiftTableView */,
				3FE21F09193E27EF00D51064 /* SwiftTableViewTests */,
				3FE21EF2193E27EE00D51064 /* Products */,
			);
			sourceTree = "<group>";
		};
		3FE21EF2193E27EE00D51064 /* Products */ = {
			isa = PBXGroup;
			children = (
				3FE21EF1193E27EE00D51064 /* SwiftTableView.app */,
				3FE21F06193E27EF00D51064 /* SwiftTableViewTests.xctest */,
			);
			name = Products;
			sourceTree = "<group>";
		};
		3FE21EF3193E27EE00D51064 /* SwiftTableView */ = {
			isa = PBXGroup;
			children = (
				3FE21EF6193E27EE00D51064 /* AppDelegate.swift */,
				3FE21EFB193E27EE00D51064 /* ViewController.swift */,
				3FE21F16193E2EE800D51064 /* DetailViewController.swift */,
				3FE21EFD193E27EE00D51064 /* Main.storyboard */,
				3FE21F00193E27EF00D51064 /* Images.xcassets */,
				3FE21EF8193E27EE00D51064 /* SwiftTableView.xcdatamodeld */,
				3FE21EF4193E27EE00D51064 /* Supporting Files */,
			);
			path = SwiftTableView;
			sourceTree = "<group>";
		};
		3FE21EF4193E27EE00D51064 /* Supporting Files */ = {
			isa = PBXGroup;
			children = (
				3FE21EF5193E27EE00D51064 /* Info.plist */,
			);
			name = "Supporting Files";
			sourceTree = "<group>";
		};
		3FE21F09193E27EF00D51064 /* SwiftTableViewTests */ = {
			isa = PBXGroup;
			children = (
				3FE21F0C193E27EF00D51064 /* SwiftTableViewTests.swift */,
				3FE21F0A193E27EF00D51064 /* Supporting Files */,
			);
			path = SwiftTableViewTests;
			sourceTree = "<group>";
		};
		3FE21F0A193E27EF00D51064 /* Supporting Files */ = {
			isa = PBXGroup;
			children = (
				3FE21F0B193E27EF00D51064 /* Info.plist */,
			);
			name = "Supporting Files";
			sourceTree = "<group>";
		};
/* End PBXGroup section */

/* Begin PBXNativeTarget section */
		3FE21EF0193E27EE00D51064 /* SwiftTableView */ = {
			isa = PBXNativeTarget;
			buildConfigurationList = 3FE21F10193E27EF00D51064 /* Build configuration list for PBXNativeTarget "SwiftTableView" */;
			buildPhases = (
				3FE21EED193E27EE00D51064 /* Sources */,
				3FE21EEE193E27EE00D51064 /* Frameworks */,
				3FE21EEF193E27EE00D51064 /* Resources */,
			);
			buildRules = (
			);
			dependencies = (
			);
			name = SwiftTableView;
			productName = SwiftTableView;
			productReference = 3FE21EF1193E27EE00D51064 /* SwiftTableView.app */;
			productType = "com.apple.product-type.application";
		};
		3FE21F05193E27EF00D51064 /* SwiftTableViewTests */ = {
			isa = PBXNativeTarget;
			buildConfigurationList = 3FE21F13193E27EF00D51064 /* Build configuration list for PBXNativeTarget "SwiftTableViewTests" */;
			buildPhases = (
				3FE21F02193E27EF00D51064 /* Sources */,
				3FE21F03193E27EF00D51064 /* Frameworks */,
				3FE21F04193E27EF00D51064 /* Resources */,
			);
			buildRules = (
			);
			dependencies = (
				3FE21F08193E27EF00D51064 /* PBXTargetDependency */,
			);
			name = SwiftTableViewTests;
			productName = SwiftTableViewTests;
			productReference = 3FE21F06193E27EF00D51064 /* SwiftTableViewTests.xctest */;
			productType = "com.apple.product-type.bundle.unit-test";
		};
/* End PBXNativeTarget section */

/* Begin PBXProject section */
		3FE21EE9193E27EE00D51064 /* Project object */ = {
			isa = PBXProject;
			attributes = {
				LastUpgradeCheck = 0600;
				ORGANIZATIONNAME = "Jacob Holman";
				TargetAttributes = {
					3FE21EF0193E27EE00D51064 = {
						CreatedOnToolsVersion = 6.0;
					};
					3FE21F05193E27EF00D51064 = {
						CreatedOnToolsVersion = 6.0;
						TestTargetID = 3FE21EF0193E27EE00D51064;
					};
				};
			};
			buildConfigurationList = 3FE21EEC193E27EE00D51064 /* Build configuration list for PBXProject "SwiftTableView" */;
			compatibilityVersion = "Xcode 3.2";
			developmentRegion = English;
			hasScannedForEncodings = 0;
			knownRegions = (
				en,
				Base,
			);
			mainGroup = 3FE21EE8193E27EE00D51064;
			productRefGroup = 3FE21EF2193E27EE00D51064 /* Products */;
			projectDirPath = "";
			projectRoot = "";
			targets = (
				3FE21EF0193E27EE00D51064 /* SwiftTableView */,
				3FE21F05193E27EF00D51064 /* SwiftTableViewTests */,
			);
		};
/* End PBXProject section */

/* Begin PBXResourcesBuildPhase section */
		3FE21EEF193E27EE00D51064 /* Resources */ = {
			isa = PBXResourcesBuildPhase;
			buildActionMask = 2147483647;
			files = (
				3FE21EFF193E27EE00D51064 /* Main.storyboard in Resources */,
				3FE21F01193E27EF00D51064 /* Images.xcassets in Resources */,
			);
			runOnlyForDeploymentPostprocessing = 0;
		};
		3FE21F04193E27EF00D51064 /* Resources */ = {
			isa = PBXResourcesBuildPhase;
			buildActionMask = 2147483647;
			files = (
			);
			runOnlyForDeploymentPostprocessing = 0;
		};
/* End PBXResourcesBuildPhase section */

/* Begin PBXSourcesBuildPhase section */
		3FE21EED193E27EE00D51064 /* Sources */ = {
			isa = PBXSourcesBuildPhase;
			buildActionMask = 2147483647;
			files = (
				3FE21EFC193E27EE00D51064 /* ViewController.swift in Sources */,
				3FE21EF7193E27EE00D51064 /* AppDelegate.swift in Sources */,
				3FE21EFA193E27EE00D51064 /* SwiftTableView.xcdatamodeld in Sources */,
				3FE21F17193E2EE800D51064 /* DetailViewController.swift in Sources */,
			);
			runOnlyForDeploymentPostprocessing = 0;
		};
		3FE21F02193E27EF00D51064 /* Sources */ = {
			isa = PBXSourcesBuildPhase;
			buildActionMask = 2147483647;
			files = (
				3FE21F0D193E27EF00D51064 /* SwiftTableViewTests.swift in Sources */,
			);
			runOnlyForDeploymentPostprocessing = 0;
		};
/* End PBXSourcesBuildPhase section */

/* Begin PBXTargetDependency section */
		3FE21F08193E27EF00D51064 /* PBXTargetDependency */ = {
			isa = PBXTargetDependency;
			target = 3FE21EF0193E27EE00D51064 /* SwiftTableView */;
			targetProxy = 3FE21F07193E27EF00D51064 /* PBXContainerItemProxy */;
		};
/* End PBXTargetDependency section */

/* Begin PBXVariantGroup section */
		3FE21EFD193E27EE00D51064 /* Main.storyboard */ = {
			isa = PBXVariantGroup;
			children = (
				3FE21EFE193E27EE00D51064 /* Base */,
			);
			name = Main.storyboard;
			sourceTree = "<group>";
		};
/* End PBXVariantGroup section */

/* Begin XCBuildConfiguration section */
		3FE21F0E193E27EF00D51064 /* Debug */ = {
			isa = XCBuildConfiguration;
			buildSettings = {
				ALWAYS_SEARCH_USER_PATHS = NO;
				CLANG_CXX_LANGUAGE_STANDARD = "gnu++0x";
				CLANG_CXX_LIBRARY = "libc++";
				CLANG_ENABLE_MODULES = YES;
				CLANG_ENABLE_OBJC_ARC = YES;
				CLANG_WARN_BOOL_CONVERSION = YES;
				CLANG_WARN_CONSTANT_CONVERSION = YES;
				CLANG_WARN_DIRECT_OBJC_ISA_USAGE = YES_ERROR;
				CLANG_WARN_EMPTY_BODY = YES;
				CLANG_WARN_ENUM_CONVERSION = YES;
				CLANG_WARN_INT_CONVERSION = YES;
				CLANG_WARN_OBJC_ROOT_CLASS = YES_ERROR;
				CLANG_WARN_UNREACHABLE_CODE = YES;
				CLANG_WARN__DUPLICATE_METHOD_MATCH = YES;
				"CODE_SIGN_IDENTITY[sdk=iphoneos*]" = "iPhone Developer";
				COPY_PHASE_STRIP = NO;
				ENABLE_STRICT_OBJC_MSGSEND = YES;
				GCC_C_LANGUAGE_STANDARD = gnu99;
				GCC_DYNAMIC_NO_PIC = NO;
				GCC_OPTIMIZATION_LEVEL = 0;
				GCC_PREPROCESSOR_DEFINITIONS = (
					"DEBUG=1",
					"$(inherited)",
				);
				GCC_SYMBOLS_PRIVATE_EXTERN = NO;
				GCC_WARN_64_TO_32_BIT_CONVERSION = YES;
				GCC_WARN_ABOUT_RETURN_TYPE = YES_ERROR;
				GCC_WARN_UNDECLARED_SELECTOR = YES;
				GCC_WARN_UNINITIALIZED_AUTOS = YES_AGGRESSIVE;
				GCC_WARN_UNUSED_FUNCTION = YES;
				GCC_WARN_UNUSED_VARIABLE = YES;
				IPHONEOS_DEPLOYMENT_TARGET = 8.0;
				METAL_ENABLE_DEBUG_INFO = YES;
				ONLY_ACTIVE_ARCH = YES;
				SDKROOT = iphoneos;
				SWIFT_OPTIMIZATION_LEVEL = "-Onone";
			};
			name = Debug;
		};
		3FE21F0F193E27EF00D51064 /* Release */ = {
			isa = XCBuildConfiguration;
			buildSettings = {
				ALWAYS_SEARCH_USER_PATHS = NO;
				CLANG_CXX_LANGUAGE_STANDARD = "gnu++0x";
				CLANG_CXX_LIBRARY = "libc++";
				CLANG_ENABLE_MODULES = YES;
				CLANG_ENABLE_OBJC_ARC = YES;
				CLANG_WARN_BOOL_CONVERSION = YES;
				CLANG_WARN_CONSTANT_CONVERSION = YES;
				CLANG_WARN_DIRECT_OBJC_ISA_USAGE = YES_ERROR;
				CLANG_WARN_EMPTY_BODY = YES;
				CLANG_WARN_ENUM_CONVERSION = YES;
				CLANG_WARN_INT_CONVERSION = YES;
				CLANG_WARN_OBJC_ROOT_CLASS = YES_ERROR;
				CLANG_WARN_UNREACHABLE_CODE = YES;
				CLANG_WARN__DUPLICATE_METHOD_MATCH = YES;
				"CODE_SIGN_IDENTITY[sdk=iphoneos*]" = "iPhone Developer";
				COPY_PHASE_STRIP = YES;
				ENABLE_NS_ASSERTIONS = NO;
				ENABLE_STRICT_OBJC_MSGSEND = YES;
				GCC_C_LANGUAGE_STANDARD = gnu99;
				GCC_WARN_64_TO_32_BIT_CONVERSION = YES;
				GCC_WARN_ABOUT_RETURN_TYPE = YES_ERROR;
				GCC_WARN_UNDECLARED_SELECTOR = YES;
				GCC_WARN_UNINITIALIZED_AUTOS = YES_AGGRESSIVE;
				GCC_WARN_UNUSED_FUNCTION = YES;
				GCC_WARN_UNUSED_VARIABLE = YES;
				IPHONEOS_DEPLOYMENT_TARGET = 8.0;
				METAL_ENABLE_DEBUG_INFO = NO;
				SDKROOT = iphoneos;
				VALIDATE_PRODUCT = YES;
			};
			name = Release;
		};
		3FE21F11193E27EF00D51064 /* Debug */ = {
			isa = XCBuildConfiguration;
			buildSettings = {
				ASSETCATALOG_COMPILER_APPICON_NAME = AppIcon;
				ASSETCATALOG_COMPILER_LAUNCHIMAGE_NAME = LaunchImage;
				INFOPLIST_FILE = SwiftTableView/Info.plist;
				LD_RUNPATH_SEARCH_PATHS = "$(inherited) @executable_path/Frameworks";
				PRODUCT_NAME = "$(TARGET_NAME)";
			};
			name = Debug;
		};
		3FE21F12193E27EF00D51064 /* Release */ = {
			isa = XCBuildConfiguration;
			buildSettings = {
				ASSETCATALOG_COMPILER_APPICON_NAME = AppIcon;
				ASSETCATALOG_COMPILER_LAUNCHIMAGE_NAME = LaunchImage;
				INFOPLIST_FILE = SwiftTableView/Info.plist;
				LD_RUNPATH_SEARCH_PATHS = "$(inherited) @executable_path/Frameworks";
				PRODUCT_NAME = "$(TARGET_NAME)";
			};
			name = Release;
		};
		3FE21F14193E27EF00D51064 /* Debug */ = {
			isa = XCBuildConfiguration;
			buildSettings = {
				BUNDLE_LOADER = "$(BUILT_PRODUCTS_DIR)/SwiftTableView.app/SwiftTableView";
				FRAMEWORK_SEARCH_PATHS = (
					"$(SDKROOT)/Developer/Library/Frameworks",
					"$(inherited)",
				);
				GCC_PREPROCESSOR_DEFINITIONS = (
					"DEBUG=1",
					"$(inherited)",
				);
				INFOPLIST_FILE = SwiftTableViewTests/Info.plist;
				LD_RUNPATH_SEARCH_PATHS = "$(inherited) @executable_path/Frameworks @loader_path/Frameworks";
				METAL_ENABLE_DEBUG_INFO = YES;
				PRODUCT_NAME = "$(TARGET_NAME)";
				TEST_HOST = "$(BUNDLE_LOADER)";
			};
			name = Debug;
		};
		3FE21F15193E27EF00D51064 /* Release */ = {
			isa = XCBuildConfiguration;
			buildSettings = {
				BUNDLE_LOADER = "$(BUILT_PRODUCTS_DIR)/SwiftTableView.app/SwiftTableView";
				FRAMEWORK_SEARCH_PATHS = (
					"$(SDKROOT)/Developer/Library/Frameworks",
					"$(inherited)",
				);
				INFOPLIST_FILE = SwiftTableViewTests/Info.plist;
				LD_RUNPATH_SEARCH_PATHS = "$(inherited) @executable_path/Frameworks @loader_path/Frameworks";
				METAL_ENABLE_DEBUG_INFO = NO;
				PRODUCT_NAME = "$(TARGET_NAME)";
				TEST_HOST = "$(BUNDLE_LOADER)";
			};
			name = Release;
		};
/* End XCBuildConfiguration section */

/* Begin XCConfigurationList section */
		3FE21EEC193E27EE00D51064 /* Build configuration list for PBXProject "SwiftTableView" */ = {
			isa = XCConfigurationList;
			buildConfigurations = (
				3FE21F0E193E27EF00D51064 /* Debug */,
				3FE21F0F193E27EF00D51064 /* Release */,
			);
			defaultConfigurationIsVisible = 0;
			defaultConfigurationName = Release;
		};
		3FE21F10193E27EF00D51064 /* Build configuration list for PBXNativeTarget "SwiftTableView" */ = {
			isa = XCConfigurationList;
			buildConfigurations = (
				3FE21F11193E27EF00D51064 /* Debug */,
				3FE21F12193E27EF00D51064 /* Release */,
			);
			defaultConfigurationIsVisible = 0;
		};
		3FE21F13193E27EF00D51064 /* Build configuration list for PBXNativeTarget "SwiftTableViewTests" */ = {
			isa = XCConfigurationList;
			buildConfigurations = (
				3FE21F14193E27EF00D51064 /* Debug */,
				3FE21F15193E27EF00D51064 /* Release */,
			);
			defaultConfigurationIsVisible = 0;
		};
/* End XCConfigurationList section */

/* Begin XCVersionGroup section */
		3FE21EF8193E27EE00D51064 /* SwiftTableView.xcdatamodeld */ = {
			isa = XCVersionGroup;
			children = (
				3FE21EF9193E27EE00D51064 /* SwiftTableView.xcdatamodel */,
			);
			currentVersion = 3FE21EF9193E27EE00D51064 /* SwiftTableView.xcdatamodel */;
			path = SwiftTableView.xcdatamodeld;
			sourceTree = "<group>";
			versionGroupType = wrapper.xcdatamodel;
		};
/* End XCVersionGroup section */
	};
	rootObject = 3FE21EE9193E27EE00D51064 /* Project object */;
}
